// !$*UTF8*$!
{
	archiveVersion = 1;
	classes = {
	};
	objectVersion = 46;
	objects = {

/* Begin PBXBuildFile section */
		8BCC6B271CED267F006021BB /* AppDelegate.swift in Sources */ = {isa = PBXBuildFile; fileRef = 8BCC6B261CED267F006021BB /* AppDelegate.swift */; };
		8BCC6B291CED267F006021BB /* ViewController.swift in Sources */ = {isa = PBXBuildFile; fileRef = 8BCC6B281CED267F006021BB /* ViewController.swift */; };
		8BCC6B2C1CED267F006021BB /* Main.storyboard in Resources */ = {isa = PBXBuildFile; fileRef = 8BCC6B2A1CED267F006021BB /* Main.storyboard */; };
		8BCC6B2E1CED267F006021BB /* Assets.xcassets in Resources */ = {isa = PBXBuildFile; fileRef = 8BCC6B2D1CED267F006021BB /* Assets.xcassets */; };
		8BCC6B311CED267F006021BB /* LaunchScreen.storyboard in Resources */ = {isa = PBXBuildFile; fileRef = 8BCC6B2F1CED267F006021BB /* LaunchScreen.storyboard */; };
/* End PBXBuildFile section */

/* Begin PBXFileReference section */
		8BCC6B231CED267F006021BB /* iOS_variablesSwift.app */ = {isa = PBXFileReference; explicitFileType = wrapper.application; includeInIndex = 0; path = iOS_variablesSwift.app; sourceTree = BUILT_PRODUCTS_DIR; };
		8BCC6B261CED267F006021BB /* AppDelegate.swift */ = {isa = PBXFileReference; lastKnownFileType = sourcecode.swift; path = AppDelegate.swift; sourceTree = "<group>"; };
		8BCC6B281CED267F006021BB /* ViewController.swift */ = {isa = PBXFileReference; lastKnownFileType = sourcecode.swift; path = ViewController.swift; sourceTree = "<group>"; };
		8BCC6B2B1CED267F006021BB /* Base */ = {isa = PBXFileReference; lastKnownFileType = file.storyboard; name = Base; path = Base.lproj/Main.storyboard; sourceTree = "<group>"; };
		8BCC6B2D1CED267F006021BB /* Assets.xcassets */ = {isa = PBXFileReference; lastKnownFileType = folder.assetcatalog; path = Assets.xcassets; sourceTree = "<group>"; };
		8BCC6B301CED267F006021BB /* Base */ = {isa = PBXFileReference; lastKnownFileType = file.storyboard; name = Base; path = Base.lproj/LaunchScreen.storyboard; sourceTree = "<group>"; };
		8BCC6B321CED267F006021BB /* Info.plist */ = {isa = PBXFileReference; lastKnownFileType = text.plist.xml; path = Info.plist; sourceTree = "<group>"; };
/* End PBXFileReference section */

/* Begin PBXFrameworksBuildPhase section */
		8BCC6B201CED267F006021BB /* Frameworks */ = {
			isa = PBXFrameworksBuildPhase;
			buildActionMask = 2147483647;
			files = (
			);
			runOnlyForDeploymentPostprocessing = 0;
		};
/* End PBXFrameworksBuildPhase section */

/* Begin PBXGroup section */
		8BCC6B1A1CED267F006021BB = {
			isa = PBXGroup;
			children = (
				8BCC6B251CED267F006021BB /* iOS_variablesSwift */,
				8BCC6B241CED267F006021BB /* Products */,
			);
			sourceTree = "<group>";
		};
		8BCC6B241CED267F006021BB /* Products */ = {
			isa = PBXGroup;
			children = (
				8BCC6B231CED267F006021BB /* iOS_variablesSwift.app */,
			);
			name = Products;
			sourceTree = "<group>";
		};
		8BCC6B251CED267F006021BB /* iOS_variablesSwift */ = {
			isa = PBXGroup;
			children = (
				8BCC6B261CED267F006021BB /* AppDelegate.swift */,
				8BCC6B281CED267F006021BB /* ViewController.swift */,
				8BCC6B2A1CED267F006021BB /* Main.storyboard */,
				8BCC6B2D1CED267F006021BB /* Assets.xcassets */,
				8BCC6B2F1CED267F006021BB /* LaunchScreen.storyboard */,
				8BCC6B321CED267F006021BB /* Info.plist */,
			);
			path = iOS_variablesSwift;
			sourceTree = "<group>";
		};
/* End PBXGroup section */

/* Begin PBXNativeTarget section */
		8BCC6B221CED267F006021BB /* iOS_variablesSwift */ = {
			isa = PBXNativeTarget;
			buildConfigurationList = 8BCC6B351CED267F006021BB /* Build configuration list for PBXNativeTarget "iOS_variablesSwift" */;
			buildPhases = (
				8BCC6B1F1CED267F006021BB /* Sources */,
				8BCC6B201CED267F006021BB /* Frameworks */,
				8BCC6B211CED267F006021BB /* Resources */,
			);
			buildRules = (
			);
			dependencies = (
			);
			name = iOS_variablesSwift;
			productName = iOS_variablesSwift;
			productReference = 8BCC6B231CED267F006021BB /* iOS_variablesSwift.app */;
			productType = "com.apple.product-type.application";
		};
/* End PBXNativeTarget section */

/* Begin PBXProject section */
		8BCC6B1B1CED267F006021BB /* Project object */ = {
			isa = PBXProject;
			attributes = {
				LastSwiftUpdateCheck = 0730;
				LastUpgradeCheck = 0730;
				ORGANIZATIONNAME = Leanplum;
				TargetAttributes = {
					8BCC6B221CED267F006021BB = {
						CreatedOnToolsVersion = 7.3.1;
					};
				};
			};
			buildConfigurationList = 8BCC6B1E1CED267F006021BB /* Build configuration list for PBXProject "iOS_variablesSwift" */;
			compatibilityVersion = "Xcode 3.2";
			developmentRegion = English;
			hasScannedForEncodings = 0;
			knownRegions = (
				en,
				Base,
			);
			mainGroup = 8BCC6B1A1CED267F006021BB;
			productRefGroup = 8BCC6B241CED267F006021BB /* Products */;
			projectDirPath = "";
			projectRoot = "";
			targets = (
				8BCC6B221CED267F006021BB /* iOS_variablesSwift */,
			);
		};
/* End PBXProject section */

/* Begin PBXResourcesBuildPhase section */
		8BCC6B211CED267F006021BB /* Resources */ = {
			isa = PBXResourcesBuildPhase;
			buildActionMask = 2147483647;
			files = (
				8BCC6B311CED267F006021BB /* LaunchScreen.storyboard in Resources */,
				8BCC6B2E1CED267F006021BB /* Assets.xcassets in Resources */,
				8BCC6B2C1CED267F006021BB /* Main.storyboard in Resources */,
			);
			runOnlyForDeploymentPostprocessing = 0;
		};
/* End PBXResourcesBuildPhase section */

/* Begin PBXSourcesBuildPhase section */
		8BCC6B1F1CED267F006021BB /* Sources */ = {
			isa = PBXSourcesBuildPhase;
			buildActionMask = 2147483647;
			files = (
				8BCC6B291CED267F006021BB /* ViewController.swift in Sources */,
				8BCC6B271CED267F006021BB /* AppDelegate.swift in Sources */,
			);
			runOnlyForDeploymentPostprocessing = 0;
		};
/* End PBXSourcesBuildPhase section */

/* Begin PBXVariantGroup section */
		8BCC6B2A1CED267F006021BB /* Main.storyboard */ = {
			isa = PBXVariantGroup;
			children = (
				8BCC6B2B1CED267F006021BB /* Base */,
			);
			name = Main.storyboard;
			sourceTree = "<group>";
		};
		8BCC6B2F1CED267F006021BB /* LaunchScreen.storyboard */ = {
			isa = PBXVariantGroup;
			children = (
				8BCC6B301CED267F006021BB /* Base */,
			);
			name = LaunchScreen.storyboard;
			sourceTree = "<group>";
		};
/* End PBXVariantGroup section */

/* Begin XCBuildConfiguration section */
		8BCC6B331CED267F006021BB /* Debug */ = {
			isa = XCBuildConfiguration;
			buildSettings = {
				ALWAYS_SEARCH_USER_PATHS = NO;
				CLANG_ANALYZER_NONNULL = YES;
				CLANG_CXX_LANGUAGE_STANDARD = "gnu++0x";
				CLANG_CXX_LIBRARY = "libc++";
				CLANG_ENABLE_MODULES = YES;
				CLANG_ENABLE_OBJC_ARC = YES;
				CLANG_WARN_BOOL_CONVERSION = YES;
				CLANG_WARN_CONSTANT_CONVERSION = YES;
				CLANG_WARN_DIRECT_OBJC_ISA_USAGE = YES_ERROR;
				CLANG_WARN_EMPTY_BODY = YES;
				CLANG_WARN_ENUM_CONVERSION = YES;
				CLANG_WARN_INT_CONVERSION = YES;
				CLANG_WARN_OBJC_ROOT_CLASS = YES_ERROR;
				CLANG_WARN_UNREACHABLE_CODE = YES;
				CLANG_WARN__DUPLICATE_METHOD_MATCH = YES;
				"CODE_SIGN_IDENTITY[sdk=iphoneos*]" = "iPhone Developer";
				COPY_PHASE_STRIP = NO;
				DEBUG_INFORMATION_FORMAT = dwarf;
				ENABLE_STRICT_OBJC_MSGSEND = YES;
				ENABLE_TESTABILITY = YES;
				GCC_C_LANGUAGE_STANDARD = gnu99;
				GCC_DYNAMIC_NO_PIC = NO;
				GCC_NO_COMMON_BLOCKS = YES;
				GCC_OPTIMIZATION_LEVEL = 0;
				GCC_PREPROCESSOR_DEFINITIONS = (
					"DEBUG=1",
					"$(inherited)",
				);
				GCC_WARN_64_TO_32_BIT_CONVERSION = YES;
				GCC_WARN_ABOUT_RETURN_TYPE = YES_ERROR;
				GCC_WARN_UNDECLARED_SELECTOR = YES;
				GCC_WARN_UNINITIALIZED_AUTOS = YES_AGGRESSIVE;
				GCC_WARN_UNUSED_FUNCTION = YES;
				GCC_WARN_UNUSED_VARIABLE = YES;
				IPHONEOS_DEPLOYMENT_TARGET = 9.3;
				MTL_ENABLE_DEBUG_INFO = YES;
				ONLY_ACTIVE_ARCH = YES;
				SDKROOT = iphoneos;
				SWIFT_OPTIMIZATION_LEVEL = "-Onone";
				TARGETED_DEVICE_FAMILY = "1,2";
			};
			name = Debug;
		};
		8BCC6B341CED267F006021BB /* Release */ = {
			isa = XCBuildConfiguration;
			buildSettings = {
				ALWAYS_SEARCH_USER_PATHS = NO;
				CLANG_ANALYZER_NONNULL = YES;
				CLANG_CXX_LANGUAGE_STANDARD = "gnu++0x";
				CLANG_CXX_LIBRARY = "libc++";
				CLANG_ENABLE_MODULES = YES;
				CLANG_ENABLE_OBJC_ARC = YES;
				CLANG_WARN_BOOL_CONVERSION = YES;
				CLANG_WARN_CONSTANT_CONVERSION = YES;
				CLANG_WARN_DIRECT_OBJC_ISA_USAGE = YES_ERROR;
				CLANG_WARN_EMPTY_BODY = YES;
				CLANG_WARN_ENUM_CONVERSION = YES;
				CLANG_WARN_INT_CONVERSION = YES;
				CLANG_WARN_OBJC_ROOT_CLASS = YES_ERROR;
				CLANG_WARN_UNREACHABLE_CODE = YES;
				CLANG_WARN__DUPLICATE_METHOD_MATCH = YES;
				"CODE_SIGN_IDENTITY[sdk=iphoneos*]" = "iPhone Developer";
				COPY_PHASE_STRIP = NO;
				DEBUG_INFORMATION_FORMAT = "dwarf-with-dsym";
				ENABLE_NS_ASSERTIONS = NO;
				ENABLE_STRICT_OBJC_MSGSEND = YES;
				GCC_C_LANGUAGE_STANDARD = gnu99;
				GCC_NO_COMMON_BLOCKS = YES;
				GCC_WARN_64_TO_32_BIT_CONVERSION = YES;
				GCC_WARN_ABOUT_RETURN_TYPE = YES_ERROR;
				GCC_WARN_UNDECLARED_SELECTOR = YES;
				GCC_WARN_UNINITIALIZED_AUTOS = YES_AGGRESSIVE;
				GCC_WARN_UNUSED_FUNCTION = YES;
				GCC_WARN_UNUSED_VARIABLE = YES;
				IPHONEOS_DEPLOYMENT_TARGET = 9.3;
				MTL_ENABLE_DEBUG_INFO = NO;
				SDKROOT = iphoneos;
				TARGETED_DEVICE_FAMILY = "1,2";
				VALIDATE_PRODUCT = YES;
			};
			name = Release;
		};
		8BCC6B361CED267F006021BB /* Debug */ = {
			isa = XCBuildConfiguration;
			buildSettings = {
				ASSETCATALOG_COMPILER_APPICON_NAME = AppIcon;
				INFOPLIST_FILE = iOS_variablesSwift/Info.plist;
				LD_RUNPATH_SEARCH_PATHS = "$(inherited) @executable_path/Frameworks";
				PRODUCT_BUNDLE_IDENTIFIER = "com.leanplum.iOS-variablesSwift";
				PRODUCT_NAME = "$(TARGET_NAME)";
			};
			name = Debug;
		};
		8BCC6B371CED267F006021BB /* Release */ = {
			isa = XCBuildConfiguration;
			buildSettings = {
				ASSETCATALOG_COMPILER_APPICON_NAME = AppIcon;
				INFOPLIST_FILE = iOS_variablesSwift/Info.plist;
				LD_RUNPATH_SEARCH_PATHS = "$(inherited) @executable_path/Frameworks";
				PRODUCT_BUNDLE_IDENTIFIER = "com.leanplum.iOS-variablesSwift";
				PRODUCT_NAME = "$(TARGET_NAME)";
			};
			name = Release;
		};
/* End XCBuildConfiguration section */

/* Begin XCConfigurationList section */
		8BCC6B1E1CED267F006021BB /* Build configuration list for PBXProject "iOS_variablesSwift" */ = {
			isa = XCConfigurationList;
			buildConfigurations = (
				8BCC6B331CED267F006021BB /* Debug */,
				8BCC6B341CED267F006021BB /* Release */,
			);
			defaultConfigurationIsVisible = 0;
			defaultConfigurationName = Release;
		};
		8BCC6B351CED267F006021BB /* Build configuration list for PBXNativeTarget "iOS_variablesSwift" */ = {
			isa = XCConfigurationList;
			buildConfigurations = (
				8BCC6B361CED267F006021BB /* Debug */,
				8BCC6B371CED267F006021BB /* Release */,
			);
			defaultConfigurationIsVisible = 0;
		};
/* End XCConfigurationList section */
	};
	rootObject = 8BCC6B1B1CED267F006021BB /* Project object */;
}
