// !$*UTF8*$!
{
	archiveVersion = 1;
	classes = {
	};
	objectVersion = 46;
	objects = {

/* Begin PBXBuildFile section */
		594A92F09991100B5D0F1E70 /* libPods.a in Frameworks */ = {isa = PBXBuildFile; fileRef = 39DA8D402AFDD7B7479DDE71 /* libPods.a */; };
		8BD616411D0793BE0044CC79 /* main.m in Sources */ = {isa = PBXBuildFile; fileRef = 8BD616401D0793BE0044CC79 /* main.m */; };
		8BD616441D0793BE0044CC79 /* AppDelegate.m in Sources */ = {isa = PBXBuildFile; fileRef = 8BD616431D0793BE0044CC79 /* AppDelegate.m */; };
		8BD616471D0793BE0044CC79 /* ViewController.m in Sources */ = {isa = PBXBuildFile; fileRef = 8BD616461D0793BE0044CC79 /* ViewController.m */; };
		8BD6164A1D0793BE0044CC79 /* Main.storyboard in Resources */ = {isa = PBXBuildFile; fileRef = 8BD616481D0793BE0044CC79 /* Main.storyboard */; };
		8BD6164C1D0793BE0044CC79 /* Assets.xcassets in Resources */ = {isa = PBXBuildFile; fileRef = 8BD6164B1D0793BE0044CC79 /* Assets.xcassets */; };
		8BD6164F1D0793BE0044CC79 /* LaunchScreen.storyboard in Resources */ = {isa = PBXBuildFile; fileRef = 8BD6164D1D0793BE0044CC79 /* LaunchScreen.storyboard */; };
		8BD616571D0794CA0044CC79 /* testJSON.json in Resources */ = {isa = PBXBuildFile; fileRef = 8BD616561D0794CA0044CC79 /* testJSON.json */; };
		8BD616591D0794D40044CC79 /* snoopy.png in Resources */ = {isa = PBXBuildFile; fileRef = 8BD616581D0794D40044CC79 /* snoopy.png */; };
		8BD6165D1D079BCD0044CC79 /* goldstar.jpg in Resources */ = {isa = PBXBuildFile; fileRef = 8BD6165C1D079BCD0044CC79 /* goldstar.jpg */; };
/* End PBXBuildFile section */

/* Begin PBXFileReference section */
		39DA8D402AFDD7B7479DDE71 /* libPods.a */ = {isa = PBXFileReference; explicitFileType = archive.ar; includeInIndex = 0; path = libPods.a; sourceTree = BUILT_PRODUCTS_DIR; };
		8BD6163C1D0793BE0044CC79 /* iOS_resourceSyncing.app */ = {isa = PBXFileReference; explicitFileType = wrapper.application; includeInIndex = 0; path = iOS_resourceSyncing.app; sourceTree = BUILT_PRODUCTS_DIR; };
		8BD616401D0793BE0044CC79 /* main.m */ = {isa = PBXFileReference; lastKnownFileType = sourcecode.c.objc; path = main.m; sourceTree = "<group>"; };
		8BD616421D0793BE0044CC79 /* AppDelegate.h */ = {isa = PBXFileReference; lastKnownFileType = sourcecode.c.h; path = AppDelegate.h; sourceTree = "<group>"; };
		8BD616431D0793BE0044CC79 /* AppDelegate.m */ = {isa = PBXFileReference; lastKnownFileType = sourcecode.c.objc; path = AppDelegate.m; sourceTree = "<group>"; };
		8BD616451D0793BE0044CC79 /* ViewController.h */ = {isa = PBXFileReference; lastKnownFileType = sourcecode.c.h; path = ViewController.h; sourceTree = "<group>"; };
		8BD616461D0793BE0044CC79 /* ViewController.m */ = {isa = PBXFileReference; lastKnownFileType = sourcecode.c.objc; path = ViewController.m; sourceTree = "<group>"; };
		8BD616491D0793BE0044CC79 /* Base */ = {isa = PBXFileReference; lastKnownFileType = file.storyboard; name = Base; path = Base.lproj/Main.storyboard; sourceTree = "<group>"; };
		8BD6164B1D0793BE0044CC79 /* Assets.xcassets */ = {isa = PBXFileReference; lastKnownFileType = folder.assetcatalog; path = Assets.xcassets; sourceTree = "<group>"; };
		8BD6164E1D0793BE0044CC79 /* Base */ = {isa = PBXFileReference; lastKnownFileType = file.storyboard; name = Base; path = Base.lproj/LaunchScreen.storyboard; sourceTree = "<group>"; };
		8BD616501D0793BE0044CC79 /* Info.plist */ = {isa = PBXFileReference; lastKnownFileType = text.plist.xml; path = Info.plist; sourceTree = "<group>"; };
		8BD616561D0794CA0044CC79 /* testJSON.json */ = {isa = PBXFileReference; fileEncoding = 4; lastKnownFileType = text.json; path = testJSON.json; sourceTree = "<group>"; };
		8BD616581D0794D40044CC79 /* snoopy.png */ = {isa = PBXFileReference; lastKnownFileType = image.png; path = snoopy.png; sourceTree = "<group>"; };
		8BD6165C1D079BCD0044CC79 /* goldstar.jpg */ = {isa = PBXFileReference; lastKnownFileType = image.jpeg; path = goldstar.jpg; sourceTree = "<group>"; };
		AEFBCCE12717CA4B4F8BA374 /* Pods.debug.xcconfig */ = {isa = PBXFileReference; includeInIndex = 1; lastKnownFileType = text.xcconfig; name = Pods.debug.xcconfig; path = "Pods/Target Support Files/Pods/Pods.debug.xcconfig"; sourceTree = "<group>"; };
		C7C0B076CDD71F1A86292167 /* Pods.release.xcconfig */ = {isa = PBXFileReference; includeInIndex = 1; lastKnownFileType = text.xcconfig; name = Pods.release.xcconfig; path = "Pods/Target Support Files/Pods/Pods.release.xcconfig"; sourceTree = "<group>"; };
/* End PBXFileReference section */

/* Begin PBXFrameworksBuildPhase section */
		8BD616391D0793BE0044CC79 /* Frameworks */ = {
			isa = PBXFrameworksBuildPhase;
			buildActionMask = 2147483647;
			files = (
				594A92F09991100B5D0F1E70 /* libPods.a in Frameworks */,
			);
			runOnlyForDeploymentPostprocessing = 0;
		};
/* End PBXFrameworksBuildPhase section */

/* Begin PBXGroup section */
		8BD616331D0793BE0044CC79 = {
			isa = PBXGroup;
			children = (
				8BD616561D0794CA0044CC79 /* testJSON.json */,
				8BD616581D0794D40044CC79 /* snoopy.png */,
				8BD6165C1D079BCD0044CC79 /* goldstar.jpg */,
				8BD6163E1D0793BE0044CC79 /* iOS_resourceSyncing */,
				8BD6163D1D0793BE0044CC79 /* Products */,
				AE6F2ADCB7777A53B53A39C7 /* Pods */,
				9788068D3F42ECA95526E616 /* Frameworks */,
			);
			sourceTree = "<group>";
		};
		8BD6163D1D0793BE0044CC79 /* Products */ = {
			isa = PBXGroup;
			children = (
				8BD6163C1D0793BE0044CC79 /* iOS_resourceSyncing.app */,
			);
			name = Products;
			sourceTree = "<group>";
		};
		8BD6163E1D0793BE0044CC79 /* iOS_resourceSyncing */ = {
			isa = PBXGroup;
			children = (
				8BD616421D0793BE0044CC79 /* AppDelegate.h */,
				8BD616431D0793BE0044CC79 /* AppDelegate.m */,
				8BD616451D0793BE0044CC79 /* ViewController.h */,
				8BD616461D0793BE0044CC79 /* ViewController.m */,
				8BD616481D0793BE0044CC79 /* Main.storyboard */,
				8BD6164B1D0793BE0044CC79 /* Assets.xcassets */,
				8BD6164D1D0793BE0044CC79 /* LaunchScreen.storyboard */,
				8BD616501D0793BE0044CC79 /* Info.plist */,
				8BD6163F1D0793BE0044CC79 /* Supporting Files */,
			);
			path = iOS_resourceSyncing;
			sourceTree = "<group>";
		};
		8BD6163F1D0793BE0044CC79 /* Supporting Files */ = {
			isa = PBXGroup;
			children = (
				8BD616401D0793BE0044CC79 /* main.m */,
			);
			name = "Supporting Files";
			sourceTree = "<group>";
		};
		9788068D3F42ECA95526E616 /* Frameworks */ = {
			isa = PBXGroup;
			children = (
				39DA8D402AFDD7B7479DDE71 /* libPods.a */,
			);
			name = Frameworks;
			sourceTree = "<group>";
		};
		AE6F2ADCB7777A53B53A39C7 /* Pods */ = {
			isa = PBXGroup;
			children = (
				AEFBCCE12717CA4B4F8BA374 /* Pods.debug.xcconfig */,
				C7C0B076CDD71F1A86292167 /* Pods.release.xcconfig */,
			);
			name = Pods;
			sourceTree = "<group>";
		};
/* End PBXGroup section */

/* Begin PBXNativeTarget section */
		8BD6163B1D0793BE0044CC79 /* iOS_resourceSyncing */ = {
			isa = PBXNativeTarget;
			buildConfigurationList = 8BD616531D0793BE0044CC79 /* Build configuration list for PBXNativeTarget "iOS_resourceSyncing" */;
			buildPhases = (
				FF22BB6EC044B782D206405E /* Check Pods Manifest.lock */,
				8BD616381D0793BE0044CC79 /* Sources */,
				8BD616391D0793BE0044CC79 /* Frameworks */,
				8BD6163A1D0793BE0044CC79 /* Resources */,
				0C37D36D0DF5FD604C70868F /* Embed Pods Frameworks */,
				133175D3933C31BE4BC45480 /* Copy Pods Resources */,
			);
			buildRules = (
			);
			dependencies = (
			);
			name = iOS_resourceSyncing;
			productName = iOS_resourceSyncing;
			productReference = 8BD6163C1D0793BE0044CC79 /* iOS_resourceSyncing.app */;
			productType = "com.apple.product-type.application";
		};
/* End PBXNativeTarget section */

/* Begin PBXProject section */
		8BD616341D0793BE0044CC79 /* Project object */ = {
			isa = PBXProject;
			attributes = {
				LastUpgradeCheck = 0730;
				ORGANIZATIONNAME = Leanplum;
				TargetAttributes = {
					8BD6163B1D0793BE0044CC79 = {
						CreatedOnToolsVersion = 7.3.1;
					};
				};
			};
			buildConfigurationList = 8BD616371D0793BE0044CC79 /* Build configuration list for PBXProject "iOS_resourceSyncing" */;
			compatibilityVersion = "Xcode 3.2";
			developmentRegion = English;
			hasScannedForEncodings = 0;
			knownRegions = (
				en,
				Base,
			);
			mainGroup = 8BD616331D0793BE0044CC79;
			productRefGroup = 8BD6163D1D0793BE0044CC79 /* Products */;
			projectDirPath = "";
			projectRoot = "";
			targets = (
				8BD6163B1D0793BE0044CC79 /* iOS_resourceSyncing */,
			);
		};
/* End PBXProject section */

/* Begin PBXResourcesBuildPhase section */
		8BD6163A1D0793BE0044CC79 /* Resources */ = {
			isa = PBXResourcesBuildPhase;
			buildActionMask = 2147483647;
			files = (
				8BD6164F1D0793BE0044CC79 /* LaunchScreen.storyboard in Resources */,
				8BD616591D0794D40044CC79 /* snoopy.png in Resources */,
				8BD6164C1D0793BE0044CC79 /* Assets.xcassets in Resources */,
				8BD6164A1D0793BE0044CC79 /* Main.storyboard in Resources */,
				8BD616571D0794CA0044CC79 /* testJSON.json in Resources */,
				8BD6165D1D079BCD0044CC79 /* goldstar.jpg in Resources */,
			);
			runOnlyForDeploymentPostprocessing = 0;
		};
/* End PBXResourcesBuildPhase section */

/* Begin PBXShellScriptBuildPhase section */
		0C37D36D0DF5FD604C70868F /* Embed Pods Frameworks */ = {
			isa = PBXShellScriptBuildPhase;
			buildActionMask = 2147483647;
			files = (
			);
			inputPaths = (
			);
			name = "Embed Pods Frameworks";
			outputPaths = (
			);
			runOnlyForDeploymentPostprocessing = 0;
			shellPath = /bin/sh;
			shellScript = "\"${SRCROOT}/Pods/Target Support Files/Pods/Pods-frameworks.sh\"\n";
			showEnvVarsInLog = 0;
		};
		133175D3933C31BE4BC45480 /* Copy Pods Resources */ = {
			isa = PBXShellScriptBuildPhase;
			buildActionMask = 2147483647;
			files = (
			);
			inputPaths = (
			);
			name = "Copy Pods Resources";
			outputPaths = (
			);
			runOnlyForDeploymentPostprocessing = 0;
			shellPath = /bin/sh;
			shellScript = "\"${SRCROOT}/Pods/Target Support Files/Pods/Pods-resources.sh\"\n";
			showEnvVarsInLog = 0;
		};
		FF22BB6EC044B782D206405E /* Check Pods Manifest.lock */ = {
			isa = PBXShellScriptBuildPhase;
			buildActionMask = 2147483647;
			files = (
			);
			inputPaths = (
			);
			name = "Check Pods Manifest.lock";
			outputPaths = (
			);
			runOnlyForDeploymentPostprocessing = 0;
			shellPath = /bin/sh;
			shellScript = "diff \"${PODS_ROOT}/../Podfile.lock\" \"${PODS_ROOT}/Manifest.lock\" > /dev/null\nif [[ $? != 0 ]] ; then\n    cat << EOM\nerror: The sandbox is not in sync with the Podfile.lock. Run 'pod install' or update your CocoaPods installation.\nEOM\n    exit 1\nfi\n";
			showEnvVarsInLog = 0;
		};
/* End PBXShellScriptBuildPhase section */

/* Begin PBXSourcesBuildPhase section */
		8BD616381D0793BE0044CC79 /* Sources */ = {
			isa = PBXSourcesBuildPhase;
			buildActionMask = 2147483647;
			files = (
				8BD616471D0793BE0044CC79 /* ViewController.m in Sources */,
				8BD616441D0793BE0044CC79 /* AppDelegate.m in Sources */,
				8BD616411D0793BE0044CC79 /* main.m in Sources */,
			);
			runOnlyForDeploymentPostprocessing = 0;
		};
/* End PBXSourcesBuildPhase section */

/* Begin PBXVariantGroup section */
		8BD616481D0793BE0044CC79 /* Main.storyboard */ = {
			isa = PBXVariantGroup;
			children = (
				8BD616491D0793BE0044CC79 /* Base */,
			);
			name = Main.storyboard;
			sourceTree = "<group>";
		};
		8BD6164D1D0793BE0044CC79 /* LaunchScreen.storyboard */ = {
			isa = PBXVariantGroup;
			children = (
				8BD6164E1D0793BE0044CC79 /* Base */,
			);
			name = LaunchScreen.storyboard;
			sourceTree = "<group>";
		};
/* End PBXVariantGroup section */

/* Begin XCBuildConfiguration section */
		8BD616511D0793BE0044CC79 /* Debug */ = {
			isa = XCBuildConfiguration;
			buildSettings = {
				ALWAYS_SEARCH_USER_PATHS = NO;
				CLANG_ANALYZER_NONNULL = YES;
				CLANG_CXX_LANGUAGE_STANDARD = "gnu++0x";
				CLANG_CXX_LIBRARY = "libc++";
				CLANG_ENABLE_MODULES = YES;
				CLANG_ENABLE_OBJC_ARC = YES;
				CLANG_WARN_BOOL_CONVERSION = YES;
				CLANG_WARN_CONSTANT_CONVERSION = YES;
				CLANG_WARN_DIRECT_OBJC_ISA_USAGE = YES_ERROR;
				CLANG_WARN_EMPTY_BODY = YES;
				CLANG_WARN_ENUM_CONVERSION = YES;
				CLANG_WARN_INT_CONVERSION = YES;
				CLANG_WARN_OBJC_ROOT_CLASS = YES_ERROR;
				CLANG_WARN_UNREACHABLE_CODE = YES;
				CLANG_WARN__DUPLICATE_METHOD_MATCH = YES;
				"CODE_SIGN_IDENTITY[sdk=iphoneos*]" = "iPhone Developer";
				COPY_PHASE_STRIP = NO;
				DEBUG_INFORMATION_FORMAT = dwarf;
				ENABLE_STRICT_OBJC_MSGSEND = YES;
				ENABLE_TESTABILITY = YES;
				GCC_C_LANGUAGE_STANDARD = gnu99;
				GCC_DYNAMIC_NO_PIC = NO;
				GCC_NO_COMMON_BLOCKS = YES;
				GCC_OPTIMIZATION_LEVEL = 0;
				GCC_PREPROCESSOR_DEFINITIONS = (
					"DEBUG=1",
					"$(inherited)",
				);
				GCC_WARN_64_TO_32_BIT_CONVERSION = YES;
				GCC_WARN_ABOUT_RETURN_TYPE = YES_ERROR;
				GCC_WARN_UNDECLARED_SELECTOR = YES;
				GCC_WARN_UNINITIALIZED_AUTOS = YES_AGGRESSIVE;
				GCC_WARN_UNUSED_FUNCTION = YES;
				GCC_WARN_UNUSED_VARIABLE = YES;
				IPHONEOS_DEPLOYMENT_TARGET = 9.3;
				MTL_ENABLE_DEBUG_INFO = YES;
				ONLY_ACTIVE_ARCH = YES;
				SDKROOT = iphoneos;
				TARGETED_DEVICE_FAMILY = "1,2";
			};
			name = Debug;
		};
		8BD616521D0793BE0044CC79 /* Release */ = {
			isa = XCBuildConfiguration;
			buildSettings = {
				ALWAYS_SEARCH_USER_PATHS = NO;
				CLANG_ANALYZER_NONNULL = YES;
				CLANG_CXX_LANGUAGE_STANDARD = "gnu++0x";
				CLANG_CXX_LIBRARY = "libc++";
				CLANG_ENABLE_MODULES = YES;
				CLANG_ENABLE_OBJC_ARC = YES;
				CLANG_WARN_BOOL_CONVERSION = YES;
				CLANG_WARN_CONSTANT_CONVERSION = YES;
				CLANG_WARN_DIRECT_OBJC_ISA_USAGE = YES_ERROR;
				CLANG_WARN_EMPTY_BODY = YES;
				CLANG_WARN_ENUM_CONVERSION = YES;
				CLANG_WARN_INT_CONVERSION = YES;
				CLANG_WARN_OBJC_ROOT_CLASS = YES_ERROR;
				CLANG_WARN_UNREACHABLE_CODE = YES;
				CLANG_WARN__DUPLICATE_METHOD_MATCH = YES;
				"CODE_SIGN_IDENTITY[sdk=iphoneos*]" = "iPhone Developer";
				COPY_PHASE_STRIP = NO;
				DEBUG_INFORMATION_FORMAT = "dwarf-with-dsym";
				ENABLE_NS_ASSERTIONS = NO;
				ENABLE_STRICT_OBJC_MSGSEND = YES;
				GCC_C_LANGUAGE_STANDARD = gnu99;
				GCC_NO_COMMON_BLOCKS = YES;
				GCC_WARN_64_TO_32_BIT_CONVERSION = YES;
				GCC_WARN_ABOUT_RETURN_TYPE = YES_ERROR;
				GCC_WARN_UNDECLARED_SELECTOR = YES;
				GCC_WARN_UNINITIALIZED_AUTOS = YES_AGGRESSIVE;
				GCC_WARN_UNUSED_FUNCTION = YES;
				GCC_WARN_UNUSED_VARIABLE = YES;
				IPHONEOS_DEPLOYMENT_TARGET = 9.3;
				MTL_ENABLE_DEBUG_INFO = NO;
				SDKROOT = iphoneos;
				TARGETED_DEVICE_FAMILY = "1,2";
				VALIDATE_PRODUCT = YES;
			};
			name = Release;
		};
		8BD616541D0793BE0044CC79 /* Debug */ = {
			isa = XCBuildConfiguration;
			baseConfigurationReference = AEFBCCE12717CA4B4F8BA374 /* Pods.debug.xcconfig */;
			buildSettings = {
				ASSETCATALOG_COMPILER_APPICON_NAME = AppIcon;
				INFOPLIST_FILE = iOS_resourceSyncing/Info.plist;
				LD_RUNPATH_SEARCH_PATHS = "$(inherited) @executable_path/Frameworks";
				PRODUCT_BUNDLE_IDENTIFIER = "com.leanplum.iOS-resourceSyncing";
				PRODUCT_NAME = "$(TARGET_NAME)";
			};
			name = Debug;
		};
		8BD616551D0793BE0044CC79 /* Release */ = {
			isa = XCBuildConfiguration;
			baseConfigurationReference = C7C0B076CDD71F1A86292167 /* Pods.release.xcconfig */;
			buildSettings = {
				ASSETCATALOG_COMPILER_APPICON_NAME = AppIcon;
				INFOPLIST_FILE = iOS_resourceSyncing/Info.plist;
				LD_RUNPATH_SEARCH_PATHS = "$(inherited) @executable_path/Frameworks";
				PRODUCT_BUNDLE_IDENTIFIER = "com.leanplum.iOS-resourceSyncing";
				PRODUCT_NAME = "$(TARGET_NAME)";
			};
			name = Release;
		};
/* End XCBuildConfiguration section */

/* Begin XCConfigurationList section */
		8BD616371D0793BE0044CC79 /* Build configuration list for PBXProject "iOS_resourceSyncing" */ = {
			isa = XCConfigurationList;
			buildConfigurations = (
				8BD616511D0793BE0044CC79 /* Debug */,
				8BD616521D0793BE0044CC79 /* Release */,
			);
			defaultConfigurationIsVisible = 0;
			defaultConfigurationName = Release;
		};
		8BD616531D0793BE0044CC79 /* Build configuration list for PBXNativeTarget "iOS_resourceSyncing" */ = {
			isa = XCConfigurationList;
			buildConfigurations = (
				8BD616541D0793BE0044CC79 /* Debug */,
				8BD616551D0793BE0044CC79 /* Release */,
			);
			defaultConfigurationIsVisible = 0;
			defaultConfigurationName = Release;
		};
/* End XCConfigurationList section */
	};
	rootObject = 8BD616341D0793BE0044CC79 /* Project object */;
}
