// !$*UTF8*$!
{
	archiveVersion = 1;
	classes = {
	};
	objectVersion = 46;
	objects = {

/* Begin PBXBuildFile section */
		8B42B1001C069023006FFCD1 /* main.m in Sources */ = {isa = PBXBuildFile; fileRef = 8B42B0FF1C069023006FFCD1 /* main.m */; };
		8B42B1031C069023006FFCD1 /* AppDelegate.m in Sources */ = {isa = PBXBuildFile; fileRef = 8B42B1021C069023006FFCD1 /* AppDelegate.m */; };
		8B42B1061C069023006FFCD1 /* ViewController.m in Sources */ = {isa = PBXBuildFile; fileRef = 8B42B1051C069023006FFCD1 /* ViewController.m */; };
		8B42B1091C069023006FFCD1 /* Main.storyboard in Resources */ = {isa = PBXBuildFile; fileRef = 8B42B1071C069023006FFCD1 /* Main.storyboard */; };
		8B42B10B1C069023006FFCD1 /* Assets.xcassets in Resources */ = {isa = PBXBuildFile; fileRef = 8B42B10A1C069023006FFCD1 /* Assets.xcassets */; };
		8B42B10E1C069023006FFCD1 /* LaunchScreen.storyboard in Resources */ = {isa = PBXBuildFile; fileRef = 8B42B10C1C069023006FFCD1 /* LaunchScreen.storyboard */; };
/* End PBXBuildFile section */

/* Begin PBXFileReference section */
		8B42B0FB1C069023006FFCD1 /* iOS-PushAsktoask_ObjC.app */ = {isa = PBXFileReference; explicitFileType = wrapper.application; includeInIndex = 0; path = "iOS-PushAsktoask_ObjC.app"; sourceTree = BUILT_PRODUCTS_DIR; };
		8B42B0FF1C069023006FFCD1 /* main.m */ = {isa = PBXFileReference; lastKnownFileType = sourcecode.c.objc; path = main.m; sourceTree = "<group>"; };
		8B42B1011C069023006FFCD1 /* AppDelegate.h */ = {isa = PBXFileReference; lastKnownFileType = sourcecode.c.h; path = AppDelegate.h; sourceTree = "<group>"; };
		8B42B1021C069023006FFCD1 /* AppDelegate.m */ = {isa = PBXFileReference; lastKnownFileType = sourcecode.c.objc; path = AppDelegate.m; sourceTree = "<group>"; };
		8B42B1041C069023006FFCD1 /* ViewController.h */ = {isa = PBXFileReference; lastKnownFileType = sourcecode.c.h; path = ViewController.h; sourceTree = "<group>"; };
		8B42B1051C069023006FFCD1 /* ViewController.m */ = {isa = PBXFileReference; lastKnownFileType = sourcecode.c.objc; path = ViewController.m; sourceTree = "<group>"; };
		8B42B1081C069023006FFCD1 /* Base */ = {isa = PBXFileReference; lastKnownFileType = file.storyboard; name = Base; path = Base.lproj/Main.storyboard; sourceTree = "<group>"; };
		8B42B10A1C069023006FFCD1 /* Assets.xcassets */ = {isa = PBXFileReference; lastKnownFileType = folder.assetcatalog; path = Assets.xcassets; sourceTree = "<group>"; };
		8B42B10D1C069023006FFCD1 /* Base */ = {isa = PBXFileReference; lastKnownFileType = file.storyboard; name = Base; path = Base.lproj/LaunchScreen.storyboard; sourceTree = "<group>"; };
		8B42B10F1C069023006FFCD1 /* Info.plist */ = {isa = PBXFileReference; lastKnownFileType = text.plist.xml; path = Info.plist; sourceTree = "<group>"; };
/* End PBXFileReference section */

/* Begin PBXFrameworksBuildPhase section */
		8B42B0F81C069023006FFCD1 /* Frameworks */ = {
			isa = PBXFrameworksBuildPhase;
			buildActionMask = 2147483647;
			files = (
			);
			runOnlyForDeploymentPostprocessing = 0;
		};
/* End PBXFrameworksBuildPhase section */

/* Begin PBXGroup section */
		8B42B0F21C069023006FFCD1 = {
			isa = PBXGroup;
			children = (
				8B42B0FD1C069023006FFCD1 /* iOS-PushAsktoask_ObjC */,
				8B42B0FC1C069023006FFCD1 /* Products */,
			);
			sourceTree = "<group>";
		};
		8B42B0FC1C069023006FFCD1 /* Products */ = {
			isa = PBXGroup;
			children = (
				8B42B0FB1C069023006FFCD1 /* iOS-PushAsktoask_ObjC.app */,
			);
			name = Products;
			sourceTree = "<group>";
		};
		8B42B0FD1C069023006FFCD1 /* iOS-PushAsktoask_ObjC */ = {
			isa = PBXGroup;
			children = (
				8B42B1011C069023006FFCD1 /* AppDelegate.h */,
				8B42B1021C069023006FFCD1 /* AppDelegate.m */,
				8B42B1041C069023006FFCD1 /* ViewController.h */,
				8B42B1051C069023006FFCD1 /* ViewController.m */,
				8B42B1071C069023006FFCD1 /* Main.storyboard */,
				8B42B10A1C069023006FFCD1 /* Assets.xcassets */,
				8B42B10C1C069023006FFCD1 /* LaunchScreen.storyboard */,
				8B42B10F1C069023006FFCD1 /* Info.plist */,
				8B42B0FE1C069023006FFCD1 /* Supporting Files */,
			);
			path = "iOS-PushAsktoask_ObjC";
			sourceTree = "<group>";
		};
		8B42B0FE1C069023006FFCD1 /* Supporting Files */ = {
			isa = PBXGroup;
			children = (
				8B42B0FF1C069023006FFCD1 /* main.m */,
			);
			name = "Supporting Files";
			sourceTree = "<group>";
		};
/* End PBXGroup section */

/* Begin PBXNativeTarget section */
		8B42B0FA1C069023006FFCD1 /* iOS-PushAsktoask_ObjC */ = {
			isa = PBXNativeTarget;
			buildConfigurationList = 8B42B1121C069023006FFCD1 /* Build configuration list for PBXNativeTarget "iOS-PushAsktoask_ObjC" */;
			buildPhases = (
				8B42B0F71C069023006FFCD1 /* Sources */,
				8B42B0F81C069023006FFCD1 /* Frameworks */,
				8B42B0F91C069023006FFCD1 /* Resources */,
			);
			buildRules = (
			);
			dependencies = (
			);
			name = "iOS-PushAsktoask_ObjC";
			productName = "iOS-PushAsktoask_ObjC";
			productReference = 8B42B0FB1C069023006FFCD1 /* iOS-PushAsktoask_ObjC.app */;
			productType = "com.apple.product-type.application";
		};
/* End PBXNativeTarget section */

/* Begin PBXProject section */
		8B42B0F31C069023006FFCD1 /* Project object */ = {
			isa = PBXProject;
			attributes = {
				LastUpgradeCheck = 0710;
				ORGANIZATIONNAME = "Federico Casali";
				TargetAttributes = {
					8B42B0FA1C069023006FFCD1 = {
						CreatedOnToolsVersion = 7.1.1;
					};
				};
			};
			buildConfigurationList = 8B42B0F61C069023006FFCD1 /* Build configuration list for PBXProject "iOS-PushAsktoask_ObjC" */;
			compatibilityVersion = "Xcode 3.2";
			developmentRegion = English;
			hasScannedForEncodings = 0;
			knownRegions = (
				en,
				Base,
			);
			mainGroup = 8B42B0F21C069023006FFCD1;
			productRefGroup = 8B42B0FC1C069023006FFCD1 /* Products */;
			projectDirPath = "";
			projectRoot = "";
			targets = (
				8B42B0FA1C069023006FFCD1 /* iOS-PushAsktoask_ObjC */,
			);
		};
/* End PBXProject section */

/* Begin PBXResourcesBuildPhase section */
		8B42B0F91C069023006FFCD1 /* Resources */ = {
			isa = PBXResourcesBuildPhase;
			buildActionMask = 2147483647;
			files = (
				8B42B10E1C069023006FFCD1 /* LaunchScreen.storyboard in Resources */,
				8B42B10B1C069023006FFCD1 /* Assets.xcassets in Resources */,
				8B42B1091C069023006FFCD1 /* Main.storyboard in Resources */,
			);
			runOnlyForDeploymentPostprocessing = 0;
		};
/* End PBXResourcesBuildPhase section */

/* Begin PBXSourcesBuildPhase section */
		8B42B0F71C069023006FFCD1 /* Sources */ = {
			isa = PBXSourcesBuildPhase;
			buildActionMask = 2147483647;
			files = (
				8B42B1061C069023006FFCD1 /* ViewController.m in Sources */,
				8B42B1031C069023006FFCD1 /* AppDelegate.m in Sources */,
				8B42B1001C069023006FFCD1 /* main.m in Sources */,
			);
			runOnlyForDeploymentPostprocessing = 0;
		};
/* End PBXSourcesBuildPhase section */

/* Begin PBXVariantGroup section */
		8B42B1071C069023006FFCD1 /* Main.storyboard */ = {
			isa = PBXVariantGroup;
			children = (
				8B42B1081C069023006FFCD1 /* Base */,
			);
			name = Main.storyboard;
			sourceTree = "<group>";
		};
		8B42B10C1C069023006FFCD1 /* LaunchScreen.storyboard */ = {
			isa = PBXVariantGroup;
			children = (
				8B42B10D1C069023006FFCD1 /* Base */,
			);
			name = LaunchScreen.storyboard;
			sourceTree = "<group>";
		};
/* End PBXVariantGroup section */

/* Begin XCBuildConfiguration section */
		8B42B1101C069023006FFCD1 /* Debug */ = {
			isa = XCBuildConfiguration;
			buildSettings = {
				ALWAYS_SEARCH_USER_PATHS = NO;
				CLANG_CXX_LANGUAGE_STANDARD = "gnu++0x";
				CLANG_CXX_LIBRARY = "libc++";
				CLANG_ENABLE_MODULES = YES;
				CLANG_ENABLE_OBJC_ARC = YES;
				CLANG_WARN_BOOL_CONVERSION = YES;
				CLANG_WARN_CONSTANT_CONVERSION = YES;
				CLANG_WARN_DIRECT_OBJC_ISA_USAGE = YES_ERROR;
				CLANG_WARN_EMPTY_BODY = YES;
				CLANG_WARN_ENUM_CONVERSION = YES;
				CLANG_WARN_INT_CONVERSION = YES;
				CLANG_WARN_OBJC_ROOT_CLASS = YES_ERROR;
				CLANG_WARN_UNREACHABLE_CODE = YES;
				CLANG_WARN__DUPLICATE_METHOD_MATCH = YES;
				"CODE_SIGN_IDENTITY[sdk=iphoneos*]" = "iPhone Developer";
				COPY_PHASE_STRIP = NO;
				DEBUG_INFORMATION_FORMAT = dwarf;
				ENABLE_STRICT_OBJC_MSGSEND = YES;
				ENABLE_TESTABILITY = YES;
				GCC_C_LANGUAGE_STANDARD = gnu99;
				GCC_DYNAMIC_NO_PIC = NO;
				GCC_NO_COMMON_BLOCKS = YES;
				GCC_OPTIMIZATION_LEVEL = 0;
				GCC_PREPROCESSOR_DEFINITIONS = (
					"DEBUG=1",
					"$(inherited)",
				);
				GCC_WARN_64_TO_32_BIT_CONVERSION = YES;
				GCC_WARN_ABOUT_RETURN_TYPE = YES_ERROR;
				GCC_WARN_UNDECLARED_SELECTOR = YES;
				GCC_WARN_UNINITIALIZED_AUTOS = YES_AGGRESSIVE;
				GCC_WARN_UNUSED_FUNCTION = YES;
				GCC_WARN_UNUSED_VARIABLE = YES;
				IPHONEOS_DEPLOYMENT_TARGET = 9.1;
				MTL_ENABLE_DEBUG_INFO = YES;
				ONLY_ACTIVE_ARCH = YES;
				SDKROOT = iphoneos;
				TARGETED_DEVICE_FAMILY = "1,2";
			};
			name = Debug;
		};
		8B42B1111C069023006FFCD1 /* Release */ = {
			isa = XCBuildConfiguration;
			buildSettings = {
				ALWAYS_SEARCH_USER_PATHS = NO;
				CLANG_CXX_LANGUAGE_STANDARD = "gnu++0x";
				CLANG_CXX_LIBRARY = "libc++";
				CLANG_ENABLE_MODULES = YES;
				CLANG_ENABLE_OBJC_ARC = YES;
				CLANG_WARN_BOOL_CONVERSION = YES;
				CLANG_WARN_CONSTANT_CONVERSION = YES;
				CLANG_WARN_DIRECT_OBJC_ISA_USAGE = YES_ERROR;
				CLANG_WARN_EMPTY_BODY = YES;
				CLANG_WARN_ENUM_CONVERSION = YES;
				CLANG_WARN_INT_CONVERSION = YES;
				CLANG_WARN_OBJC_ROOT_CLASS = YES_ERROR;
				CLANG_WARN_UNREACHABLE_CODE = YES;
				CLANG_WARN__DUPLICATE_METHOD_MATCH = YES;
				"CODE_SIGN_IDENTITY[sdk=iphoneos*]" = "iPhone Developer";
				COPY_PHASE_STRIP = NO;
				DEBUG_INFORMATION_FORMAT = "dwarf-with-dsym";
				ENABLE_NS_ASSERTIONS = NO;
				ENABLE_STRICT_OBJC_MSGSEND = YES;
				GCC_C_LANGUAGE_STANDARD = gnu99;
				GCC_NO_COMMON_BLOCKS = YES;
				GCC_WARN_64_TO_32_BIT_CONVERSION = YES;
				GCC_WARN_ABOUT_RETURN_TYPE = YES_ERROR;
				GCC_WARN_UNDECLARED_SELECTOR = YES;
				GCC_WARN_UNINITIALIZED_AUTOS = YES_AGGRESSIVE;
				GCC_WARN_UNUSED_FUNCTION = YES;
				GCC_WARN_UNUSED_VARIABLE = YES;
				IPHONEOS_DEPLOYMENT_TARGET = 9.1;
				MTL_ENABLE_DEBUG_INFO = NO;
				SDKROOT = iphoneos;
				TARGETED_DEVICE_FAMILY = "1,2";
				VALIDATE_PRODUCT = YES;
			};
			name = Release;
		};
		8B42B1131C069023006FFCD1 /* Debug */ = {
			isa = XCBuildConfiguration;
			buildSettings = {
				ASSETCATALOG_COMPILER_APPICON_NAME = AppIcon;
				INFOPLIST_FILE = "iOS-PushAsktoask_ObjC/Info.plist";
				LD_RUNPATH_SEARCH_PATHS = "$(inherited) @executable_path/Frameworks";
				PRODUCT_BUNDLE_IDENTIFIER = "com.leanplumSamples.iOS-PushAsktoask-ObjC";
				PRODUCT_NAME = "$(TARGET_NAME)";
			};
			name = Debug;
		};
		8B42B1141C069023006FFCD1 /* Release */ = {
			isa = XCBuildConfiguration;
			buildSettings = {
				ASSETCATALOG_COMPILER_APPICON_NAME = AppIcon;
				INFOPLIST_FILE = "iOS-PushAsktoask_ObjC/Info.plist";
				LD_RUNPATH_SEARCH_PATHS = "$(inherited) @executable_path/Frameworks";
				PRODUCT_BUNDLE_IDENTIFIER = "com.leanplumSamples.iOS-PushAsktoask-ObjC";
				PRODUCT_NAME = "$(TARGET_NAME)";
			};
			name = Release;
		};
/* End XCBuildConfiguration section */

/* Begin XCConfigurationList section */
		8B42B0F61C069023006FFCD1 /* Build configuration list for PBXProject "iOS-PushAsktoask_ObjC" */ = {
			isa = XCConfigurationList;
			buildConfigurations = (
				8B42B1101C069023006FFCD1 /* Debug */,
				8B42B1111C069023006FFCD1 /* Release */,
			);
			defaultConfigurationIsVisible = 0;
			defaultConfigurationName = Release;
		};
		8B42B1121C069023006FFCD1 /* Build configuration list for PBXNativeTarget "iOS-PushAsktoask_ObjC" */ = {
			isa = XCConfigurationList;
			buildConfigurations = (
				8B42B1131C069023006FFCD1 /* Debug */,
				8B42B1141C069023006FFCD1 /* Release */,
			);
			defaultConfigurationIsVisible = 0;
		};
/* End XCConfigurationList section */
	};
	rootObject = 8B42B0F31C069023006FFCD1 /* Project object */;
}
